
Microsoft Visual Studio Solution File, Format Version 12.00
# Visual Studio 15
VisualStudioVersion = 15.0.27130.2024
MinimumVisualStudioVersion = 10.0.40219.1
Project("{FAE04EC0-301F-11D3-BF4B-00C04F79EFBC}") = "ShipmentUPS", "ShipmentUPS\ShipmentUPS.csproj", "{ADD25CBB-8395-4F61-930E-92D697A44B58}"
EndProject
Project("{FAE04EC0-301F-11D3-BF4B-00C04F79EFBC}") = "ShipmentClient", "ShipmentClient\ShipmentClient.csproj", "{4E36F541-BC0D-4730-A2E3-D44241D79449}"
	ProjectSection(ProjectDependencies) = postProject
		{9A0D5C1B-7E5B-47B7-975E-E8BF9673C426} = {9A0D5C1B-7E5B-47B7-975E-E8BF9673C426}
		{0F044450-427C-4511-B6F3-831CE5F49973} = {0F044450-427C-4511-B6F3-831CE5F49973}
		{ADD25CBB-8395-4F61-930E-92D697A44B58} = {ADD25CBB-8395-4F61-930E-92D697A44B58}
	EndProjectSection
EndProject
Project("{FAE04EC0-301F-11D3-BF4B-00C04F79EFBC}") = "ShipmentLib", "ShipmentLib\ShipmentLib.csproj", "{0F044450-427C-4511-B6F3-831CE5F49973}"
EndProject
Project("{FAE04EC0-301F-11D3-BF4B-00C04F79EFBC}") = "ShipmentModule", "ShipmentModule\ShipmentModule.csproj", "{9A0D5C1B-7E5B-47B7-975E-E8BF9673C426}"
EndProject
Project("{FAE04EC0-301F-11D3-BF4B-00C04F79EFBC}") = "ShipmentDHL", "ShipmentDHL\ShipmentDHL.csproj", "{530E8936-B5BC-4010-A948-2817DB5D0EAE}"
EndProject
Project("{FAE04EC0-301F-11D3-BF4B-00C04F79EFBC}") = "ShipmentTests", "ShipmentTests\ShipmentTests.csproj", "{1CCC1A83-9BEA-41B3-83DF-D7F31DB92451}"
EndProject
Global
	GlobalSection(SolutionConfigurationPlatforms) = preSolution
		Debug|Any CPU = Debug|Any CPU
		Release|Any CPU = Release|Any CPU
	EndGlobalSection
	GlobalSection(ProjectConfigurationPlatforms) = postSolution
		{ADD25CBB-8395-4F61-930E-92D697A44B58}.Debug|Any CPU.ActiveCfg = Debug|Any CPU
		{ADD25CBB-8395-4F61-930E-92D697A44B58}.Debug|Any CPU.Build.0 = Debug|Any CPU
		{ADD25CBB-8395-4F61-930E-92D697A44B58}.Release|Any CPU.ActiveCfg = Release|Any CPU
		{ADD25CBB-8395-4F61-930E-92D697A44B58}.Release|Any CPU.Build.0 = Release|Any CPU
		{4E36F541-BC0D-4730-A2E3-D44241D79449}.Debug|Any CPU.ActiveCfg = Debug|Any CPU
		{4E36F541-BC0D-4730-A2E3-D44241D79449}.Debug|Any CPU.Build.0 = Debug|Any CPU
		{4E36F541-BC0D-4730-A2E3-D44241D79449}.Release|Any CPU.ActiveCfg = Release|Any CPU
		{4E36F541-BC0D-4730-A2E3-D44241D79449}.Release|Any CPU.Build.0 = Release|Any CPU
		{0F044450-427C-4511-B6F3-831CE5F49973}.Debug|Any CPU.ActiveCfg = Debug|Any CPU
		{0F044450-427C-4511-B6F3-831CE5F49973}.Debug|Any CPU.Build.0 = Debug|Any CPU
		{0F044450-427C-4511-B6F3-831CE5F49973}.Release|Any CPU.ActiveCfg = Release|Any CPU
		{0F044450-427C-4511-B6F3-831CE5F49973}.Release|Any CPU.Build.0 = Release|Any CPU
		{9A0D5C1B-7E5B-47B7-975E-E8BF9673C426}.Debug|Any CPU.ActiveCfg = Debug|Any CPU
		{9A0D5C1B-7E5B-47B7-975E-E8BF9673C426}.Debug|Any CPU.Build.0 = Debug|Any CPU
		{9A0D5C1B-7E5B-47B7-975E-E8BF9673C426}.Release|Any CPU.ActiveCfg = Release|Any CPU
		{9A0D5C1B-7E5B-47B7-975E-E8BF9673C426}.Release|Any CPU.Build.0 = Release|Any CPU
		{530E8936-B5BC-4010-A948-2817DB5D0EAE}.Debug|Any CPU.ActiveCfg = Debug|Any CPU
		{530E8936-B5BC-4010-A948-2817DB5D0EAE}.Debug|Any CPU.Build.0 = Debug|Any CPU
		{530E8936-B5BC-4010-A948-2817DB5D0EAE}.Release|Any CPU.ActiveCfg = Release|Any CPU
		{530E8936-B5BC-4010-A948-2817DB5D0EAE}.Release|Any CPU.Build.0 = Release|Any CPU
		{1CCC1A83-9BEA-41B3-83DF-D7F31DB92451}.Debug|Any CPU.ActiveCfg = Debug|Any CPU
		{1CCC1A83-9BEA-41B3-83DF-D7F31DB92451}.Debug|Any CPU.Build.0 = Debug|Any CPU
		{1CCC1A83-9BEA-41B3-83DF-D7F31DB92451}.Release|Any CPU.ActiveCfg = Release|Any CPU
		{1CCC1A83-9BEA-41B3-83DF-D7F31DB92451}.Release|Any CPU.Build.0 = Release|Any CPU
	EndGlobalSection
	GlobalSection(SolutionProperties) = preSolution
		HideSolutionNode = FALSE
	EndGlobalSection
	GlobalSection(ExtensibilityGlobals) = postSolution
		SolutionGuid = {1624E7AB-969D-4085-BC70-BDBEEA785C1A}
	EndGlobalSection
	GlobalSection(TeamFoundationVersionControl) = preSolution
		SccNumberOfProjects = 7
		SccEnterpriseProvider = {4CA58AB2-18FA-4F8D-95D4-32DDF27D184C}
		SccTeamFoundationServer = https://wegatrade.visualstudio.com/
		SccLocalPath0 = .
		SccProjectUniqueName1 = ShipmentLib\\ShipmentLib.csproj
		SccProjectName1 = ShipmentLib
		SccLocalPath1 = ShipmentLib
		SccProjectUniqueName2 = ShipmentUPS\\ShipmentUPS.csproj
		SccProjectName2 = ShipmentUPS
		SccLocalPath2 = ShipmentUPS
		SccProjectUniqueName3 = ShipmentDHL\\ShipmentDHL.csproj
		SccProjectName3 = ShipmentDHL
		SccLocalPath3 = ShipmentDHL
		SccProjectUniqueName4 = ShipmentModule\\ShipmentModule.csproj
		SccProjectName4 = ShipmentModule
		SccLocalPath4 = ShipmentModule
		SccProjectUniqueName5 = ShipmentTests\\ShipmentTests.csproj
		SccProjectName5 = ShipmentTests
		SccLocalPath5 = ShipmentTests
		SccProjectUniqueName6 = ShipmentClient\\ShipmentClient.csproj
		SccProjectName6 = ShipmentClient
		SccLocalPath6 = ShipmentClient
	EndGlobalSection
EndGlobal
